{
  "name": "gitdoc",
  "lockfileVersion": 3,
  "requires": true,
  "packages": {
    "": {
      "dependencies": {
        "remark-breaks": "^4.0.0"
      },
      "devDependencies": {
        "esbuild": "0.20.2"
      }
    },
    "frontend/web": {
      "version": "0.1.0",
      "extraneous": true,
      "dependencies": {
        "@apollo/client": "^3.8.5",
        "@apollo/experimental-nextjs-app-support": "^0.5.2",
        "@collabs/collabs": "^0.13.4",
        "@collabs/core": "^0.13.4",
        "@collabs/ws-client": "^0.13.4",
        "@floating-ui/react": "^0.26.1",
        "@headlessui/react": "^1.7.17",
        "@honeycombio/opentelemetry-node": "^0.6.0",
        "@opentelemetry/auto-instrumentations-node": "^0.39.4",
        "@preact/signals-core": "^1.5.1",
        "@preact/signals-react": "^1.3.7",
        "@radix-ui/react-alert-dialog": "^1.0.5",
        "@radix-ui/react-avatar": "^1.0.4",
        "@radix-ui/react-checkbox": "^1.0.4",
        "@radix-ui/react-collection": "^1.0.3",
        "@radix-ui/react-dialog": "^1.0.5",
        "@radix-ui/react-direction": "^1.0.1",
        "@radix-ui/react-dropdown-menu": "^2.0.6",
        "@radix-ui/react-focus-guards": "^1.0.1",
        "@radix-ui/react-focus-scope": "^1.0.4",
        "@radix-ui/react-label": "^2.0.2",
        "@radix-ui/react-menubar": "^1.0.4",
        "@radix-ui/react-navigation-menu": "^1.1.4",
        "@radix-ui/react-scroll-area": "^1.0.5",
        "@radix-ui/react-select": "^2.0.0",
        "@radix-ui/react-slot": "^1.0.2",
        "@radix-ui/react-switch": "^1.0.3",
        "@radix-ui/react-tabs": "^1.0.4",
        "@radix-ui/react-toast": "^1.1.5",
        "@radix-ui/react-tooltip": "^1.0.7",
        "@radix-ui/react-use-previous": "^1.0.1",
        "@react-oauth/google": "^0.11.1",
        "@segment/analytics-next": "^1.59.0",
        "@sentry/nextjs": "^7.94.1",
        "@tailwindcss/typography": "^0.5.10",
        "@technik-sde/prosemirror-recreate-transform": "^1.1.0",
        "@testing-library/jest-dom": "^6.1.4",
        "@types/quill": "^2.0.13",
        "@types/styled-components": "^5.1.29",
        "@vercel/otel": "^0.3.0",
        "@vitejs/plugin-react": "^4.1.0",
        "aria-hidden": "^1.2.3",
        "axios": "^1.5.1",
        "class-variance-authority": "^0.7.0",
        "clsx": "^2.0.0",
        "date-fns": "^2.30.0",
        "diff-match-patch": "^1.0.5",
        "graphql": "^16.8.1",
        "graphql-codegen": "^0.4.0",
        "install": "^0.13.0",
        "jsdom": "^22.1.0",
        "lucide-react": "^0.284.0",
        "next": "^14.0.4",
        "next-themes": "^0.2.1",
        "patch-package": "^8.0.0",
        "posthog-js": "^1.101.0",
        "prosemirror-changeset": "^2.2.1",
        "quill": "^1.3.7",
        "quill-cursors": "^4.0.2",
        "quilljs-markdown": "^1.2.0",
        "react": "^18",
        "react-dom": "^18",
        "react-icons": "^4.11.0",
        "react-markdown": "^9.0.1",
        "react-remove-scroll": "^2.5.5",
        "react-resizable-panels": "^1.0.9",
        "react-rough-notation": "^1.0.5",
        "react-simple-typewriter": "^5.0.1",
        "react-textarea-autosize": "^8.5.3",
        "remark-gfm": "^4.0.0",
        "shadcn-ui": "latest",
        "styled-components": "^6.1.0",
        "tailwind-merge": "^1.14.0",
        "tailwindcss-animate": "^1.0.7",
        "use-session-storage-state": "^18.2.0",
        "vitest": "^0.34.6"
      },
      "devDependencies": {
        "@graphql-codegen/cli": "5.0.0",
        "@graphql-codegen/client-preset": "4.1.0",
        "@testing-library/react": "^14.0.0",
        "@testing-library/user-event": "^14.5.1",
        "@types/diff-match-patch": "^1.0.34",
        "@types/node": "^20",
        "@types/react": "^18",
        "@types/react-dom": "^18.2.18",
        "autoprefixer": "^10",
        "eslint": "^8",
        "eslint-config-next": "13.5.4",
        "eslint-config-prettier": "^9.0.0",
        "husky": "^8.0.3",
        "lint-staged": "^15.0.1",
        "postcss": "^8",
        "prettier": "^3.0.3",
        "tailwindcss": "^3",
        "ts-node": "^10.9.1",
        "typescript": "^5.2.2"
      }
    },
    "node_modules/@esbuild/aix-ppc64": {
      "version": "0.20.2",
      "resolved": "https://registry.npmjs.org/@esbuild/aix-ppc64/-/aix-ppc64-0.20.2.tgz",
      "integrity": "sha512-D+EBOJHXdNZcLJRBkhENNG8Wji2kgc9AZ9KiPr1JuZjsNtyHzrsfLRrY0tk2H2aoFu6RANO1y1iPPUCDYWkb5g==",
      "cpu": [
        "ppc64"
      ],
      "dev": true,
      "optional": true,
      "os": [
        "aix"
      ],
      "engines": {
        "node": ">=12"
      }
    },
    "node_modules/@esbuild/android-arm": {
      "version": "0.20.2",
      "resolved": "https://registry.npmjs.org/@esbuild/android-arm/-/android-arm-0.20.2.tgz",
      "integrity": "sha512-t98Ra6pw2VaDhqNWO2Oph2LXbz/EJcnLmKLGBJwEwXX/JAN83Fym1rU8l0JUWK6HkIbWONCSSatf4sf2NBRx/w==",
      "cpu": [
        "arm"
      ],
      "dev": true,
      "optional": true,
      "os": [
        "android"
      ],
      "engines": {
        "node": ">=12"
      }
    },
    "node_modules/@esbuild/android-arm64": {
      "version": "0.20.2",
      "resolved": "https://registry.npmjs.org/@esbuild/android-arm64/-/android-arm64-0.20.2.tgz",
      "integrity": "sha512-mRzjLacRtl/tWU0SvD8lUEwb61yP9cqQo6noDZP/O8VkwafSYwZ4yWy24kan8jE/IMERpYncRt2dw438LP3Xmg==",
      "cpu": [
        "arm64"
      ],
      "dev": true,
      "optional": true,
      "os": [
        "android"
      ],
      "engines": {
        "node": ">=12"
      }
    },
    "node_modules/@esbuild/android-x64": {
      "version": "0.20.2",
      "resolved": "https://registry.npmjs.org/@esbuild/android-x64/-/android-x64-0.20.2.tgz",
      "integrity": "sha512-btzExgV+/lMGDDa194CcUQm53ncxzeBrWJcncOBxuC6ndBkKxnHdFJn86mCIgTELsooUmwUm9FkhSp5HYu00Rg==",
      "cpu": [
        "x64"
      ],
      "dev": true,
      "optional": true,
      "os": [
        "android"
      ],
      "engines": {
        "node": ">=12"
      }
    },
    "node_modules/@esbuild/darwin-arm64": {
      "version": "0.20.2",
      "resolved": "https://registry.npmjs.org/@esbuild/darwin-arm64/-/darwin-arm64-0.20.2.tgz",
      "integrity": "sha512-4J6IRT+10J3aJH3l1yzEg9y3wkTDgDk7TSDFX+wKFiWjqWp/iCfLIYzGyasx9l0SAFPT1HwSCR+0w/h1ES/MjA==",
      "cpu": [
        "arm64"
      ],
      "dev": true,
      "optional": true,
      "os": [
        "darwin"
      ],
      "engines": {
        "node": ">=12"
      }
    },
    "node_modules/@esbuild/darwin-x64": {
      "version": "0.20.2",
      "resolved": "https://registry.npmjs.org/@esbuild/darwin-x64/-/darwin-x64-0.20.2.tgz",
      "integrity": "sha512-tBcXp9KNphnNH0dfhv8KYkZhjc+H3XBkF5DKtswJblV7KlT9EI2+jeA8DgBjp908WEuYll6pF+UStUCfEpdysA==",
      "cpu": [
        "x64"
      ],
      "dev": true,
      "optional": true,
      "os": [
        "darwin"
      ],
      "engines": {
        "node": ">=12"
      }
    },
    "node_modules/@esbuild/freebsd-arm64": {
      "version": "0.20.2",
      "resolved": "https://registry.npmjs.org/@esbuild/freebsd-arm64/-/freebsd-arm64-0.20.2.tgz",
      "integrity": "sha512-d3qI41G4SuLiCGCFGUrKsSeTXyWG6yem1KcGZVS+3FYlYhtNoNgYrWcvkOoaqMhwXSMrZRl69ArHsGJ9mYdbbw==",
      "cpu": [
        "arm64"
      ],
      "dev": true,
      "optional": true,
      "os": [
        "freebsd"
      ],
      "engines": {
        "node": ">=12"
      }
    },
    "node_modules/@esbuild/freebsd-x64": {
      "version": "0.20.2",
      "resolved": "https://registry.npmjs.org/@esbuild/freebsd-x64/-/freebsd-x64-0.20.2.tgz",
      "integrity": "sha512-d+DipyvHRuqEeM5zDivKV1KuXn9WeRX6vqSqIDgwIfPQtwMP4jaDsQsDncjTDDsExT4lR/91OLjRo8bmC1e+Cw==",
      "cpu": [
        "x64"
      ],
      "dev": true,
      "optional": true,
      "os": [
        "freebsd"
      ],
      "engines": {
        "node": ">=12"
      }
    },
    "node_modules/@esbuild/linux-arm": {
      "version": "0.20.2",
      "resolved": "https://registry.npmjs.org/@esbuild/linux-arm/-/linux-arm-0.20.2.tgz",
      "integrity": "sha512-VhLPeR8HTMPccbuWWcEUD1Az68TqaTYyj6nfE4QByZIQEQVWBB8vup8PpR7y1QHL3CpcF6xd5WVBU/+SBEvGTg==",
      "cpu": [
        "arm"
      ],
      "dev": true,
      "optional": true,
      "os": [
        "linux"
      ],
      "engines": {
        "node": ">=12"
      }
    },
    "node_modules/@esbuild/linux-arm64": {
      "version": "0.20.2",
      "resolved": "https://registry.npmjs.org/@esbuild/linux-arm64/-/linux-arm64-0.20.2.tgz",
      "integrity": "sha512-9pb6rBjGvTFNira2FLIWqDk/uaf42sSyLE8j1rnUpuzsODBq7FvpwHYZxQ/It/8b+QOS1RYfqgGFNLRI+qlq2A==",
      "cpu": [
        "arm64"
      ],
      "dev": true,
      "optional": true,
      "os": [
        "linux"
      ],
      "engines": {
        "node": ">=12"
      }
    },
    "node_modules/@esbuild/linux-ia32": {
      "version": "0.20.2",
      "resolved": "https://registry.npmjs.org/@esbuild/linux-ia32/-/linux-ia32-0.20.2.tgz",
      "integrity": "sha512-o10utieEkNPFDZFQm9CoP7Tvb33UutoJqg3qKf1PWVeeJhJw0Q347PxMvBgVVFgouYLGIhFYG0UGdBumROyiig==",
      "cpu": [
        "ia32"
      ],
      "dev": true,
      "optional": true,
      "os": [
        "linux"
      ],
      "engines": {
        "node": ">=12"
      }
    },
    "node_modules/@esbuild/linux-loong64": {
      "version": "0.20.2",
      "resolved": "https://registry.npmjs.org/@esbuild/linux-loong64/-/linux-loong64-0.20.2.tgz",
      "integrity": "sha512-PR7sp6R/UC4CFVomVINKJ80pMFlfDfMQMYynX7t1tNTeivQ6XdX5r2XovMmha/VjR1YN/HgHWsVcTRIMkymrgQ==",
      "cpu": [
        "loong64"
      ],
      "dev": true,
      "optional": true,
      "os": [
        "linux"
      ],
      "engines": {
        "node": ">=12"
      }
    },
    "node_modules/@esbuild/linux-mips64el": {
      "version": "0.20.2",
      "resolved": "https://registry.npmjs.org/@esbuild/linux-mips64el/-/linux-mips64el-0.20.2.tgz",
      "integrity": "sha512-4BlTqeutE/KnOiTG5Y6Sb/Hw6hsBOZapOVF6njAESHInhlQAghVVZL1ZpIctBOoTFbQyGW+LsVYZ8lSSB3wkjA==",
      "cpu": [
        "mips64el"
      ],
      "dev": true,
      "optional": true,
      "os": [
        "linux"
      ],
      "engines": {
        "node": ">=12"
      }
    },
    "node_modules/@esbuild/linux-ppc64": {
      "version": "0.20.2",
      "resolved": "https://registry.npmjs.org/@esbuild/linux-ppc64/-/linux-ppc64-0.20.2.tgz",
      "integrity": "sha512-rD3KsaDprDcfajSKdn25ooz5J5/fWBylaaXkuotBDGnMnDP1Uv5DLAN/45qfnf3JDYyJv/ytGHQaziHUdyzaAg==",
      "cpu": [
        "ppc64"
      ],
      "dev": true,
      "optional": true,
      "os": [
        "linux"
      ],
      "engines": {
        "node": ">=12"
      }
    },
    "node_modules/@esbuild/linux-riscv64": {
      "version": "0.20.2",
      "resolved": "https://registry.npmjs.org/@esbuild/linux-riscv64/-/linux-riscv64-0.20.2.tgz",
      "integrity": "sha512-snwmBKacKmwTMmhLlz/3aH1Q9T8v45bKYGE3j26TsaOVtjIag4wLfWSiZykXzXuE1kbCE+zJRmwp+ZbIHinnVg==",
      "cpu": [
        "riscv64"
      ],
      "dev": true,
      "optional": true,
      "os": [
        "linux"
      ],
      "engines": {
        "node": ">=12"
      }
    },
    "node_modules/@esbuild/linux-s390x": {
      "version": "0.20.2",
      "resolved": "https://registry.npmjs.org/@esbuild/linux-s390x/-/linux-s390x-0.20.2.tgz",
      "integrity": "sha512-wcWISOobRWNm3cezm5HOZcYz1sKoHLd8VL1dl309DiixxVFoFe/o8HnwuIwn6sXre88Nwj+VwZUvJf4AFxkyrQ==",
      "cpu": [
        "s390x"
      ],
      "dev": true,
      "optional": true,
      "os": [
        "linux"
      ],
      "engines": {
        "node": ">=12"
      }
    },
    "node_modules/@esbuild/linux-x64": {
      "version": "0.20.2",
      "resolved": "https://registry.npmjs.org/@esbuild/linux-x64/-/linux-x64-0.20.2.tgz",
      "integrity": "sha512-1MdwI6OOTsfQfek8sLwgyjOXAu+wKhLEoaOLTjbijk6E2WONYpH9ZU2mNtR+lZ2B4uwr+usqGuVfFT9tMtGvGw==",
      "cpu": [
        "x64"
      ],
      "dev": true,
      "optional": true,
      "os": [
        "linux"
      ],
      "engines": {
        "node": ">=12"
      }
    },
    "node_modules/@esbuild/netbsd-x64": {
      "version": "0.20.2",
      "resolved": "https://registry.npmjs.org/@esbuild/netbsd-x64/-/netbsd-x64-0.20.2.tgz",
      "integrity": "sha512-K8/DhBxcVQkzYc43yJXDSyjlFeHQJBiowJ0uVL6Tor3jGQfSGHNNJcWxNbOI8v5k82prYqzPuwkzHt3J1T1iZQ==",
      "cpu": [
        "x64"
      ],
      "dev": true,
      "optional": true,
      "os": [
        "netbsd"
      ],
      "engines": {
        "node": ">=12"
      }
    },
    "node_modules/@esbuild/openbsd-x64": {
      "version": "0.20.2",
      "resolved": "https://registry.npmjs.org/@esbuild/openbsd-x64/-/openbsd-x64-0.20.2.tgz",
      "integrity": "sha512-eMpKlV0SThJmmJgiVyN9jTPJ2VBPquf6Kt/nAoo6DgHAoN57K15ZghiHaMvqjCye/uU4X5u3YSMgVBI1h3vKrQ==",
      "cpu": [
        "x64"
      ],
      "dev": true,
      "optional": true,
      "os": [
        "openbsd"
      ],
      "engines": {
        "node": ">=12"
      }
    },
    "node_modules/@esbuild/sunos-x64": {
      "version": "0.20.2",
      "resolved": "https://registry.npmjs.org/@esbuild/sunos-x64/-/sunos-x64-0.20.2.tgz",
      "integrity": "sha512-2UyFtRC6cXLyejf/YEld4Hajo7UHILetzE1vsRcGL3earZEW77JxrFjH4Ez2qaTiEfMgAXxfAZCm1fvM/G/o8w==",
      "cpu": [
        "x64"
      ],
      "dev": true,
      "optional": true,
      "os": [
        "sunos"
      ],
      "engines": {
        "node": ">=12"
      }
    },
    "node_modules/@esbuild/win32-arm64": {
      "version": "0.20.2",
      "resolved": "https://registry.npmjs.org/@esbuild/win32-arm64/-/win32-arm64-0.20.2.tgz",
      "integrity": "sha512-GRibxoawM9ZCnDxnP3usoUDO9vUkpAxIIZ6GQI+IlVmr5kP3zUq+l17xELTHMWTWzjxa2guPNyrpq1GWmPvcGQ==",
      "cpu": [
        "arm64"
      ],
      "dev": true,
      "optional": true,
      "os": [
        "win32"
      ],
      "engines": {
        "node": ">=12"
      }
    },
    "node_modules/@esbuild/win32-ia32": {
      "version": "0.20.2",
      "resolved": "https://registry.npmjs.org/@esbuild/win32-ia32/-/win32-ia32-0.20.2.tgz",
      "integrity": "sha512-HfLOfn9YWmkSKRQqovpnITazdtquEW8/SoHW7pWpuEeguaZI4QnCRW6b+oZTztdBnZOS2hqJ6im/D5cPzBTTlQ==",
      "cpu": [
        "ia32"
      ],
      "dev": true,
      "optional": true,
      "os": [
        "win32"
      ],
      "engines": {
        "node": ">=12"
      }
    },
    "node_modules/@esbuild/win32-x64": {
      "version": "0.20.2",
      "resolved": "https://registry.npmjs.org/@esbuild/win32-x64/-/win32-x64-0.20.2.tgz",
      "integrity": "sha512-N49X4lJX27+l9jbLKSqZ6bKNjzQvHaT8IIFUy+YIqmXQdjYCToGWwOItDrfby14c78aDd5NHQl29xingXfCdLQ==",
      "cpu": [
        "x64"
      ],
      "dev": true,
      "optional": true,
      "os": [
        "win32"
      ],
      "engines": {
        "node": ">=12"
      }
    },
    "node_modules/@types/mdast": {
      "version": "4.0.3",
      "license": "MIT",
      "dependencies": {
        "@types/unist": "*"
      }
    },
    "node_modules/@types/unist": {
      "version": "3.0.2",
      "license": "MIT"
    },
    "node_modules/bail": {
      "version": "2.0.2",
      "license": "MIT",
      "funding": {
        "type": "github",
        "url": "https://github.com/sponsors/wooorm"
      }
    },
    "node_modules/dequal": {
      "version": "2.0.3",
      "license": "MIT",
      "engines": {
        "node": ">=6"
      }
    },
    "node_modules/devlop": {
      "version": "1.1.0",
      "license": "MIT",
      "dependencies": {
        "dequal": "^2.0.0"
      },
      "funding": {
        "type": "github",
        "url": "https://github.com/sponsors/wooorm"
      }
    },
    "node_modules/esbuild": {
      "version": "0.20.2",
      "resolved": "https://registry.npmjs.org/esbuild/-/esbuild-0.20.2.tgz",
      "integrity": "sha512-WdOOppmUNU+IbZ0PaDiTst80zjnrOkyJNHoKupIcVyU8Lvla3Ugx94VzkQ32Ijqd7UhHJy75gNWDMUekcrSJ6g==",
      "dev": true,
      "hasInstallScript": true,
      "bin": {
        "esbuild": "bin/esbuild"
      },
      "engines": {
        "node": ">=12"
      },
      "optionalDependencies": {
        "@esbuild/aix-ppc64": "0.20.2",
        "@esbuild/android-arm": "0.20.2",
        "@esbuild/android-arm64": "0.20.2",
        "@esbuild/android-x64": "0.20.2",
        "@esbuild/darwin-arm64": "0.20.2",
        "@esbuild/darwin-x64": "0.20.2",
        "@esbuild/freebsd-arm64": "0.20.2",
        "@esbuild/freebsd-x64": "0.20.2",
        "@esbuild/linux-arm": "0.20.2",
        "@esbuild/linux-arm64": "0.20.2",
        "@esbuild/linux-ia32": "0.20.2",
        "@esbuild/linux-loong64": "0.20.2",
        "@esbuild/linux-mips64el": "0.20.2",
        "@esbuild/linux-ppc64": "0.20.2",
        "@esbuild/linux-riscv64": "0.20.2",
        "@esbuild/linux-s390x": "0.20.2",
        "@esbuild/linux-x64": "0.20.2",
        "@esbuild/netbsd-x64": "0.20.2",
        "@esbuild/openbsd-x64": "0.20.2",
        "@esbuild/sunos-x64": "0.20.2",
        "@esbuild/win32-arm64": "0.20.2",
        "@esbuild/win32-ia32": "0.20.2",
        "@esbuild/win32-x64": "0.20.2"
      }
    },
    "node_modules/extend": {
      "version": "3.0.2",
      "license": "MIT"
    },
    "node_modules/is-plain-obj": {
      "version": "4.1.0",
      "license": "MIT",
      "engines": {
        "node": ">=12"
      },
      "funding": {
        "url": "https://github.com/sponsors/sindresorhus"
      }
    },
    "node_modules/mdast-util-find-and-replace": {
      "version": "3.0.1",
      "license": "MIT",
      "dependencies": {
        "@types/mdast": "^4.0.0",
        "escape-string-regexp": "^5.0.0",
        "unist-util-is": "^6.0.0",
        "unist-util-visit-parents": "^6.0.0"
      },
      "funding": {
        "type": "opencollective",
        "url": "https://opencollective.com/unified"
      }
    },
    "node_modules/mdast-util-find-and-replace/node_modules/escape-string-regexp": {
      "version": "5.0.0",
      "license": "MIT",
      "engines": {
        "node": ">=12"
      },
      "funding": {
        "url": "https://github.com/sponsors/sindresorhus"
      }
    },
    "node_modules/mdast-util-newline-to-break": {
      "version": "2.0.0",
      "resolved": "https://registry.npmjs.org/mdast-util-newline-to-break/-/mdast-util-newline-to-break-2.0.0.tgz",
      "integrity": "sha512-MbgeFca0hLYIEx/2zGsszCSEJJ1JSCdiY5xQxRcLDDGa8EPvlLPupJ4DSajbMPAnC0je8jfb9TiUATnxxrHUog==",
      "dependencies": {
        "@types/mdast": "^4.0.0",
        "mdast-util-find-and-replace": "^3.0.0"
      },
      "funding": {
        "type": "opencollective",
        "url": "https://opencollective.com/unified"
      }
    },
    "node_modules/remark-breaks": {
      "version": "4.0.0",
      "resolved": "https://registry.npmjs.org/remark-breaks/-/remark-breaks-4.0.0.tgz",
      "integrity": "sha512-IjEjJOkH4FuJvHZVIW0QCDWxcG96kCq7An/KVH2NfJe6rKZU2AsHeB3OEjPNRxi4QC34Xdx7I2KGYn6IpT7gxQ==",
      "dependencies": {
        "@types/mdast": "^4.0.0",
        "mdast-util-newline-to-break": "^2.0.0",
        "unified": "^11.0.0"
      },
      "funding": {
        "type": "opencollective",
        "url": "https://opencollective.com/unified"
      }
    },
    "node_modules/trough": {
      "version": "2.1.0",
      "license": "MIT",
      "funding": {
        "type": "github",
        "url": "https://github.com/sponsors/wooorm"
      }
    },
    "node_modules/unified": {
      "version": "11.0.4",
      "license": "MIT",
      "dependencies": {
        "@types/unist": "^3.0.0",
        "bail": "^2.0.0",
        "devlop": "^1.0.0",
        "extend": "^3.0.0",
        "is-plain-obj": "^4.0.0",
        "trough": "^2.0.0",
        "vfile": "^6.0.0"
      },
      "funding": {
        "type": "opencollective",
        "url": "https://opencollective.com/unified"
      }
    },
    "node_modules/unist-util-is": {
      "version": "6.0.0",
      "license": "MIT",
      "dependencies": {
        "@types/unist": "^3.0.0"
      },
      "funding": {
        "type": "opencollective",
        "url": "https://opencollective.com/unified"
      }
    },
    "node_modules/unist-util-stringify-position": {
      "version": "4.0.0",
      "license": "MIT",
      "dependencies": {
        "@types/unist": "^3.0.0"
      },
      "funding": {
        "type": "opencollective",
        "url": "https://opencollective.com/unified"
      }
    },
    "node_modules/unist-util-visit-parents": {
      "version": "6.0.1",
      "license": "MIT",
      "dependencies": {
        "@types/unist": "^3.0.0",
        "unist-util-is": "^6.0.0"
      },
      "funding": {
        "type": "opencollective",
        "url": "https://opencollective.com/unified"
      }
    },
    "node_modules/vfile": {
      "version": "6.0.1",
      "license": "MIT",
      "dependencies": {
        "@types/unist": "^3.0.0",
        "unist-util-stringify-position": "^4.0.0",
        "vfile-message": "^4.0.0"
      },
      "funding": {
        "type": "opencollective",
        "url": "https://opencollective.com/unified"
      }
    },
    "node_modules/vfile-message": {
      "version": "4.0.2",
      "license": "MIT",
      "dependencies": {
        "@types/unist": "^3.0.0",
        "unist-util-stringify-position": "^4.0.0"
      },
      "funding": {
        "type": "opencollective",
        "url": "https://opencollective.com/unified"
      }
    },
    "rogue/javascript": {
      "name": "@teamreviso/rogue",
      "version": "0.1.1",
      "extraneous": true,
      "license": "ISC",
      "dependencies": {
        "@types/seedrandom": "^3.0.8",
        "itertools": "^2.1.2",
        "quill": "^1.3.7",
        "quill-cursors": "^4.0.2",
        "quill-delta": "^5.1.0",
        "quilljs-markdown": "^1.2.0",
        "seedrandom": "^3.0.5"
      },
      "devDependencies": {
        "@babel/core": "^7.23.2",
        "@babel/preset-env": "^7.23.2",
        "@rollup/plugin-commonjs": "^25.0.7",
        "@rollup/plugin-html": "^1.0.3",
        "@rollup/plugin-node-resolve": "^15.2.3",
        "@rollup/plugin-typescript": "^11.1.5",
        "@types/jsdom": "^21.1.5",
        "@types/node": "^20.9.0",
        "@types/quill": "^2.0.14",
        "babel-loader": "^9.1.3",
        "concurrently": "^8.2.2",
        "css-loader": "^6.8.1",
        "http-server": "^14.1.1",
        "jsdom": "^22.1.0",
        "lite-server": "^2.6.1",
        "rollup-plugin-inline-js": "^0.5.0",
        "rollup-plugin-styles": "^4.0.0",
        "rollup-plugin-terser": "^7.0.2",
        "style-loader": "^3.3.3",
        "ts-loader": "^9.5.0",
        "ts-node": "^10.9.1",
        "typescript": "^5.2.2",
        "vis-network": "^9.1.8",
        "vitest": "^0.34.6"
      }
    }
  }
}
